
Microsoft Visual Studio Solution File, Format Version 12.00
# Visual Studio Version 17
VisualStudioVersion = 17.14.36717.8 d17.14
MinimumVisualStudioVersion = 10.0.40219.1
Project("{FAE04EC0-301F-11D3-BF4B-00C04F79EFBC}") = "Ferreteria_CRUD_GitFlow", "Ferreteria_CRUD_GitFlow\Ferreteria_CRUD_GitFlow.csproj", "{1FB7A928-B7E7-4AC8-B645-5A84B2221B8B}"
EndProject
Global
	GlobalSection(SolutionConfigurationPlatforms) = preSolution
		Debug|Any CPU = Debug|Any CPU
		Release|Any CPU = Release|Any CPU
	EndGlobalSection
	GlobalSection(ProjectConfigurationPlatforms) = postSolution
		{1FB7A928-B7E7-4AC8-B645-5A84B2221B8B}.Debug|Any CPU.ActiveCfg = Debug|Any CPU
		{1FB7A928-B7E7-4AC8-B645-5A84B2221B8B}.Debug|Any CPU.Build.0 = Debug|Any CPU
		{1FB7A928-B7E7-4AC8-B645-5A84B2221B8B}.Release|Any CPU.ActiveCfg = Release|Any CPU
		{1FB7A928-B7E7-4AC8-B645-5A84B2221B8B}.Release|Any CPU.Build.0 = Release|Any CPU
	EndGlobalSection
	GlobalSection(SolutionProperties) = preSolution
		HideSolutionNode = FALSE
	EndGlobalSection
	GlobalSection(ExtensibilityGlobals) = postSolution
		SolutionGuid = {DAE21070-7706-410B-9597-E70549FBFCA8}
	EndGlobalSection
EndGlobal
